
Microsoft Visual Studio Solution File, Format Version 12.00
# Visual Studio Version 17
VisualStudioVersion = 17.9.34728.123
MinimumVisualStudioVersion = 10.0.40219.1
Project("{8BC9CEB8-8B4A-11D0-8D11-00A0C91BC942}") = "FumoEngine", "FumoEngine\fumo-engine.vcxproj", "{A083F9EA-FA9A-4303-9105-E58B976175C5}"
EndProject
Project("{9A19103F-16F7-4668-BE54-9A1E7A4F7556}") = "FumoUI", "..\Projects\HieuDh\fumo-math\FumoUI\FumoUI.csproj", "{EB152BE8-96D7-4143-B209-729825797C16}"
EndProject
Global
	GlobalSection(SolutionConfigurationPlatforms) = preSolution
		Debug|Any CPU = Debug|Any CPU
		Debug|x64 = Debug|x64
		Debug|x86 = Debug|x86
		Release|Any CPU = Release|Any CPU
		Release|x64 = Release|x64
		Release|x86 = Release|x86
	EndGlobalSection
	GlobalSection(ProjectConfigurationPlatforms) = postSolution
		{A083F9EA-FA9A-4303-9105-E58B976175C5}.Debug|Any CPU.ActiveCfg = Debug|x64
		{A083F9EA-FA9A-4303-9105-E58B976175C5}.Debug|Any CPU.Build.0 = Debug|x64
		{A083F9EA-FA9A-4303-9105-E58B976175C5}.Debug|x64.ActiveCfg = Debug|x64
		{A083F9EA-FA9A-4303-9105-E58B976175C5}.Debug|x64.Build.0 = Debug|x64
		{A083F9EA-FA9A-4303-9105-E58B976175C5}.Debug|x86.ActiveCfg = Debug|Win32
		{A083F9EA-FA9A-4303-9105-E58B976175C5}.Debug|x86.Build.0 = Debug|Win32
		{A083F9EA-FA9A-4303-9105-E58B976175C5}.Release|Any CPU.ActiveCfg = Release|x64
		{A083F9EA-FA9A-4303-9105-E58B976175C5}.Release|Any CPU.Build.0 = Release|x64
		{A083F9EA-FA9A-4303-9105-E58B976175C5}.Release|x64.ActiveCfg = Release|x64
		{A083F9EA-FA9A-4303-9105-E58B976175C5}.Release|x64.Build.0 = Release|x64
		{A083F9EA-FA9A-4303-9105-E58B976175C5}.Release|x86.ActiveCfg = Release|Win32
		{A083F9EA-FA9A-4303-9105-E58B976175C5}.Release|x86.Build.0 = Release|Win32
		{EB152BE8-96D7-4143-B209-729825797C16}.Debug|Any CPU.ActiveCfg = Debug|Any CPU
		{EB152BE8-96D7-4143-B209-729825797C16}.Debug|Any CPU.Build.0 = Debug|Any CPU
		{EB152BE8-96D7-4143-B209-729825797C16}.Debug|x64.ActiveCfg = Debug|Any CPU
		{EB152BE8-96D7-4143-B209-729825797C16}.Debug|x64.Build.0 = Debug|Any CPU
		{EB152BE8-96D7-4143-B209-729825797C16}.Debug|x86.ActiveCfg = Debug|Any CPU
		{EB152BE8-96D7-4143-B209-729825797C16}.Debug|x86.Build.0 = Debug|Any CPU
		{EB152BE8-96D7-4143-B209-729825797C16}.Release|Any CPU.ActiveCfg = Release|Any CPU
		{EB152BE8-96D7-4143-B209-729825797C16}.Release|Any CPU.Build.0 = Release|Any CPU
		{EB152BE8-96D7-4143-B209-729825797C16}.Release|x64.ActiveCfg = Release|Any CPU
		{EB152BE8-96D7-4143-B209-729825797C16}.Release|x64.Build.0 = Release|Any CPU
		{EB152BE8-96D7-4143-B209-729825797C16}.Release|x86.ActiveCfg = Release|Any CPU
		{EB152BE8-96D7-4143-B209-729825797C16}.Release|x86.Build.0 = Release|Any CPU
	EndGlobalSection
	GlobalSection(SolutionProperties) = preSolution
		HideSolutionNode = FALSE
	EndGlobalSection
	GlobalSection(ExtensibilityGlobals) = postSolution
		SolutionGuid = {97F5C645-9C91-440E-8322-6EAAAE5BA2F4}
	EndGlobalSection
EndGlobal
