
Microsoft Visual Studio Solution File, Format Version 12.00
# Visual Studio Version 17
VisualStudioVersion = 17.9.34728.123
MinimumVisualStudioVersion = 10.0.40219.1
Project("{8BC9CEB8-8B4A-11D0-8D11-00A0C91BC942}") = "FumoEngine", "fumo-engine.vcxproj", "{A083F9EA-FA9A-4303-9105-E58B976175C5}"
	ProjectSection(ProjectDependencies) = postProject
		{B62DEDE5-411F-496F-AC29-1926AB06B4BD} = {B62DEDE5-411F-496F-AC29-1926AB06B4BD}
	EndProjectSection
EndProject
Project("{54435603-DBB4-11D2-8724-00A0C9A8B90C}") = "FumoSetup", "FumoSetup\FumoSetup.vdproj", "{5FEA5B31-0A2E-4BE3-B21A-9AA3683BE6C6}"
EndProject
Project("{8BC9CEB8-8B4A-11D0-8D11-00A0C91BC942}") = "FumoUtils", "FumoUtils\FumoUtils.vcxproj", "{B62DEDE5-411F-496F-AC29-1926AB06B4BD}"
EndProject
Project("{8BC9CEB8-8B4A-11D0-8D11-00A0C91BC942}") = "PyCompiler", "PyCompiler\PyCompiler.vcxproj", "{770E3E63-3B8C-4C1E-BF21-9EE246F0C73A}"
EndProject
Project("{FAE04EC0-301F-11D3-BF4B-00C04F79EFBC}") = "FumoUI", "..\Projects\HieuDh\fumo-math\FumoUI\FumoUI.csproj", "{D8A446F4-C530-4D0A-9766-4AFB87637B56}"
EndProject
Project("{9A19103F-16F7-4668-BE54-9A1E7A4F7556}") = "FumoUI", "FumoUI\FumoUI.csproj", "{120775D4-7AF0-4ECF-ADD5-DF004ED1B64A}"
EndProject
Global
	GlobalSection(SolutionConfigurationPlatforms) = preSolution
		Debug|Any CPU = Debug|Any CPU
		Debug|x64 = Debug|x64
		Debug|x86 = Debug|x86
		Release|Any CPU = Release|Any CPU
		Release|x64 = Release|x64
		Release|x86 = Release|x86
	EndGlobalSection
	GlobalSection(ProjectConfigurationPlatforms) = postSolution
		{5FEA5B31-0A2E-4BE3-B21A-9AA3683BE6C6}.Debug|Any CPU.ActiveCfg = Debug
		{5FEA5B31-0A2E-4BE3-B21A-9AA3683BE6C6}.Debug|Any CPU.Build.0 = Debug
		{5FEA5B31-0A2E-4BE3-B21A-9AA3683BE6C6}.Debug|x64.ActiveCfg = Debug
		{5FEA5B31-0A2E-4BE3-B21A-9AA3683BE6C6}.Debug|x64.Build.0 = Debug
		{5FEA5B31-0A2E-4BE3-B21A-9AA3683BE6C6}.Debug|x86.ActiveCfg = Debug
		{5FEA5B31-0A2E-4BE3-B21A-9AA3683BE6C6}.Debug|x86.Build.0 = Debug
		{5FEA5B31-0A2E-4BE3-B21A-9AA3683BE6C6}.Release|Any CPU.ActiveCfg = Release
		{5FEA5B31-0A2E-4BE3-B21A-9AA3683BE6C6}.Release|Any CPU.Build.0 = Release
		{5FEA5B31-0A2E-4BE3-B21A-9AA3683BE6C6}.Release|x64.ActiveCfg = Release
		{5FEA5B31-0A2E-4BE3-B21A-9AA3683BE6C6}.Release|x64.Build.0 = Release
		{5FEA5B31-0A2E-4BE3-B21A-9AA3683BE6C6}.Release|x86.ActiveCfg = Release
		{5FEA5B31-0A2E-4BE3-B21A-9AA3683BE6C6}.Release|x86.Build.0 = Release
		{B62DEDE5-411F-496F-AC29-1926AB06B4BD}.Debug|Any CPU.ActiveCfg = Debug|x64
		{B62DEDE5-411F-496F-AC29-1926AB06B4BD}.Debug|Any CPU.Build.0 = Debug|x64
		{B62DEDE5-411F-496F-AC29-1926AB06B4BD}.Debug|x64.ActiveCfg = Debug|x64
		{B62DEDE5-411F-496F-AC29-1926AB06B4BD}.Debug|x64.Build.0 = Debug|x64
		{B62DEDE5-411F-496F-AC29-1926AB06B4BD}.Debug|x86.ActiveCfg = Debug|Win32
		{B62DEDE5-411F-496F-AC29-1926AB06B4BD}.Debug|x86.Build.0 = Debug|Win32
		{B62DEDE5-411F-496F-AC29-1926AB06B4BD}.Release|Any CPU.ActiveCfg = Release|x64
		{B62DEDE5-411F-496F-AC29-1926AB06B4BD}.Release|Any CPU.Build.0 = Release|x64
		{B62DEDE5-411F-496F-AC29-1926AB06B4BD}.Release|x64.ActiveCfg = Release|x64
		{B62DEDE5-411F-496F-AC29-1926AB06B4BD}.Release|x64.Build.0 = Release|x64
		{B62DEDE5-411F-496F-AC29-1926AB06B4BD}.Release|x86.ActiveCfg = Release|Win32
		{B62DEDE5-411F-496F-AC29-1926AB06B4BD}.Release|x86.Build.0 = Release|Win32
		{770E3E63-3B8C-4C1E-BF21-9EE246F0C73A}.Debug|Any CPU.ActiveCfg = Debug|x64
		{770E3E63-3B8C-4C1E-BF21-9EE246F0C73A}.Debug|Any CPU.Build.0 = Debug|x64
		{770E3E63-3B8C-4C1E-BF21-9EE246F0C73A}.Debug|x64.ActiveCfg = Debug|x64
		{770E3E63-3B8C-4C1E-BF21-9EE246F0C73A}.Debug|x64.Build.0 = Debug|x64
		{770E3E63-3B8C-4C1E-BF21-9EE246F0C73A}.Debug|x86.ActiveCfg = Debug|Win32
		{770E3E63-3B8C-4C1E-BF21-9EE246F0C73A}.Debug|x86.Build.0 = Debug|Win32
		{770E3E63-3B8C-4C1E-BF21-9EE246F0C73A}.Release|Any CPU.ActiveCfg = Release|x64
		{770E3E63-3B8C-4C1E-BF21-9EE246F0C73A}.Release|Any CPU.Build.0 = Release|x64
		{770E3E63-3B8C-4C1E-BF21-9EE246F0C73A}.Release|x64.ActiveCfg = Release|x64
		{770E3E63-3B8C-4C1E-BF21-9EE246F0C73A}.Release|x64.Build.0 = Release|x64
		{770E3E63-3B8C-4C1E-BF21-9EE246F0C73A}.Release|x86.ActiveCfg = Release|Win32
		{770E3E63-3B8C-4C1E-BF21-9EE246F0C73A}.Release|x86.Build.0 = Release|Win32
		{D8A446F4-C530-4D0A-9766-4AFB87637B56}.Debug|Any CPU.ActiveCfg = Debug|Any CPU
		{D8A446F4-C530-4D0A-9766-4AFB87637B56}.Debug|Any CPU.Build.0 = Debug|Any CPU
		{D8A446F4-C530-4D0A-9766-4AFB87637B56}.Debug|x64.ActiveCfg = Debug|Any CPU
		{D8A446F4-C530-4D0A-9766-4AFB87637B56}.Debug|x64.Build.0 = Debug|Any CPU
		{D8A446F4-C530-4D0A-9766-4AFB87637B56}.Debug|x86.ActiveCfg = Debug|Any CPU
		{D8A446F4-C530-4D0A-9766-4AFB87637B56}.Debug|x86.Build.0 = Debug|Any CPU
		{D8A446F4-C530-4D0A-9766-4AFB87637B56}.Release|Any CPU.ActiveCfg = Release|Any CPU
		{D8A446F4-C530-4D0A-9766-4AFB87637B56}.Release|Any CPU.Build.0 = Release|Any CPU
		{D8A446F4-C530-4D0A-9766-4AFB87637B56}.Release|x64.ActiveCfg = Release|Any CPU
		{D8A446F4-C530-4D0A-9766-4AFB87637B56}.Release|x64.Build.0 = Release|Any CPU
		{D8A446F4-C530-4D0A-9766-4AFB87637B56}.Release|x86.ActiveCfg = Release|Any CPU
		{D8A446F4-C530-4D0A-9766-4AFB87637B56}.Release|x86.Build.0 = Release|Any CPU
	EndGlobalSection
	GlobalSection(SolutionProperties) = preSolution
		HideSolutionNode = FALSE
	EndGlobalSection
	GlobalSection(ExtensibilityGlobals) = postSolution
		SolutionGuid = {B2D7A26C-7AF0-48E8-A0B8-5AF5FF32A942}
	EndGlobalSection
EndGlobal
