
Microsoft Visual Studio Solution File, Format Version 12.00
# Visual Studio Version 17
VisualStudioVersion = 17.9.34728.123
MinimumVisualStudioVersion = 10.0.40219.1
Project("{8BC9CEB8-8B4A-11D0-8D11-00A0C91BC942}") = "FumoEngine", "FumoEngine\fumo-engine.vcxproj", "{A083F9EA-FA9A-4303-9105-E58B976175C5}"
EndProject
Project("{9A19103F-16F7-4668-BE54-9A1E7A4F7556}") = "FumoUI", "FumoUI\FumoUI.csproj", "{B188E683-79B2-4973-B345-C334124610F1}"
EndProject
Project("{8BC9CEB8-8B4A-11D0-8D11-00A0C91BC942}") = "FumoUtils", "FumoUtils\FumoUtils.vcxproj", "{B62DEDE5-411F-496F-AC29-1926AB06B4BD}"
EndProject
Global
	GlobalSection(SolutionConfigurationPlatforms) = preSolution
		Debug|Any CPU = Debug|Any CPU
		Debug|x64 = Debug|x64
		Debug|x86 = Debug|x86
		Release|Any CPU = Release|Any CPU
		Release|x64 = Release|x64
		Release|x86 = Release|x86
	EndGlobalSection
	GlobalSection(ProjectConfigurationPlatforms) = postSolution
		{A083F9EA-FA9A-4303-9105-E58B976175C5}.Debug|Any CPU.ActiveCfg = Debug|x64
		{A083F9EA-FA9A-4303-9105-E58B976175C5}.Debug|Any CPU.Build.0 = Debug|x64
		{A083F9EA-FA9A-4303-9105-E58B976175C5}.Debug|x64.ActiveCfg = Debug|x64
		{A083F9EA-FA9A-4303-9105-E58B976175C5}.Debug|x64.Build.0 = Debug|x64
		{A083F9EA-FA9A-4303-9105-E58B976175C5}.Debug|x86.ActiveCfg = Debug|Win32
		{A083F9EA-FA9A-4303-9105-E58B976175C5}.Debug|x86.Build.0 = Debug|Win32
		{A083F9EA-FA9A-4303-9105-E58B976175C5}.Release|Any CPU.ActiveCfg = Release|x64
		{A083F9EA-FA9A-4303-9105-E58B976175C5}.Release|Any CPU.Build.0 = Release|x64
		{A083F9EA-FA9A-4303-9105-E58B976175C5}.Release|x64.ActiveCfg = Release|x64
		{A083F9EA-FA9A-4303-9105-E58B976175C5}.Release|x64.Build.0 = Release|x64
		{A083F9EA-FA9A-4303-9105-E58B976175C5}.Release|x86.ActiveCfg = Release|Win32
		{A083F9EA-FA9A-4303-9105-E58B976175C5}.Release|x86.Build.0 = Release|Win32
		{B188E683-79B2-4973-B345-C334124610F1}.Debug|Any CPU.ActiveCfg = Debug|Any CPU
		{B188E683-79B2-4973-B345-C334124610F1}.Debug|Any CPU.Build.0 = Debug|Any CPU
		{B188E683-79B2-4973-B345-C334124610F1}.Debug|x64.ActiveCfg = Debug|Any CPU
		{B188E683-79B2-4973-B345-C334124610F1}.Debug|x64.Build.0 = Debug|Any CPU
		{B188E683-79B2-4973-B345-C334124610F1}.Debug|x86.ActiveCfg = Debug|Any CPU
		{B188E683-79B2-4973-B345-C334124610F1}.Debug|x86.Build.0 = Debug|Any CPU
		{B188E683-79B2-4973-B345-C334124610F1}.Release|Any CPU.ActiveCfg = Release|Any CPU
		{B188E683-79B2-4973-B345-C334124610F1}.Release|Any CPU.Build.0 = Release|Any CPU
		{B188E683-79B2-4973-B345-C334124610F1}.Release|x64.ActiveCfg = Release|Any CPU
		{B188E683-79B2-4973-B345-C334124610F1}.Release|x64.Build.0 = Release|Any CPU
		{B188E683-79B2-4973-B345-C334124610F1}.Release|x86.ActiveCfg = Release|Any CPU
		{B188E683-79B2-4973-B345-C334124610F1}.Release|x86.Build.0 = Release|Any CPU
		{B62DEDE5-411F-496F-AC29-1926AB06B4BD}.Debug|Any CPU.ActiveCfg = Debug|x64
		{B62DEDE5-411F-496F-AC29-1926AB06B4BD}.Debug|Any CPU.Build.0 = Debug|x64
		{B62DEDE5-411F-496F-AC29-1926AB06B4BD}.Debug|x64.ActiveCfg = Debug|x64
		{B62DEDE5-411F-496F-AC29-1926AB06B4BD}.Debug|x64.Build.0 = Debug|x64
		{B62DEDE5-411F-496F-AC29-1926AB06B4BD}.Debug|x86.ActiveCfg = Debug|Win32
		{B62DEDE5-411F-496F-AC29-1926AB06B4BD}.Debug|x86.Build.0 = Debug|Win32
		{B62DEDE5-411F-496F-AC29-1926AB06B4BD}.Release|Any CPU.ActiveCfg = Release|x64
		{B62DEDE5-411F-496F-AC29-1926AB06B4BD}.Release|Any CPU.Build.0 = Release|x64
		{B62DEDE5-411F-496F-AC29-1926AB06B4BD}.Release|x64.ActiveCfg = Release|x64
		{B62DEDE5-411F-496F-AC29-1926AB06B4BD}.Release|x64.Build.0 = Release|x64
		{B62DEDE5-411F-496F-AC29-1926AB06B4BD}.Release|x86.ActiveCfg = Release|Win32
		{B62DEDE5-411F-496F-AC29-1926AB06B4BD}.Release|x86.Build.0 = Release|Win32
	EndGlobalSection
	GlobalSection(SolutionProperties) = preSolution
		HideSolutionNode = FALSE
	EndGlobalSection
	GlobalSection(ExtensibilityGlobals) = postSolution
		SolutionGuid = {97F5C645-9C91-440E-8322-6EAAAE5BA2F4}
	EndGlobalSection
EndGlobal
