<?xml version="1.0" encoding="utf-8"?>
<Project ToolsVersion="4.0" xmlns="http://schemas.microsoft.com/developer/msbuild/2003">
  <ItemGroup>
    <Filter Include="Geometry">
      <UniqueIdentifier>{1afa0064-fef4-44c9-94dd-95be379a00ea}</UniqueIdentifier>
    </Filter>
    <Filter Include="Common">
      <UniqueIdentifier>{4f767313-9945-4b81-b351-6ccdf4ef4b49}</UniqueIdentifier>
    </Filter>
    <Filter Include="Geometry\Point3d">
      <UniqueIdentifier>{8298c873-5155-42dc-b13c-d10c42da281b}</UniqueIdentifier>
    </Filter>
    <Filter Include="Geometry\Velocity2d">
      <UniqueIdentifier>{8e7dc2ab-2464-4d57-9269-a083d4f64637}</UniqueIdentifier>
    </Filter>
    <Filter Include="Geometry\Point2d">
      <UniqueIdentifier>{d8343b50-32bb-401c-9e2a-b0cfed784267}</UniqueIdentifier>
    </Filter>
    <Filter Include="Geometry\Velocity3d">
      <UniqueIdentifier>{754a4020-8588-42f8-a0fe-b425dd3a5ce1}</UniqueIdentifier>
    </Filter>
    <Filter Include="Geometry\Extend2d">
      <UniqueIdentifier>{bf3503cd-a0a9-4fff-8164-70b5d44438c4}</UniqueIdentifier>
    </Filter>
    <Filter Include="Geometry\Extend3d">
      <UniqueIdentifier>{e256e625-dcac-40fe-9fbd-ed50e6e60d8e}</UniqueIdentifier>
    </Filter>
    <Filter Include="DatabaseServices">
      <UniqueIdentifier>{2572db34-086d-4a4d-8dcc-0971e936bd34}</UniqueIdentifier>
    </Filter>
    <Filter Include="DatabaseServices\Transaction">
      <UniqueIdentifier>{ba3815b4-650c-4bd8-913b-ab61f167ea85}</UniqueIdentifier>
    </Filter>
    <Filter Include="DatabaseServices\Database">
      <UniqueIdentifier>{a1e8e55c-1aa1-488f-bedc-cee0731f974c}</UniqueIdentifier>
    </Filter>
    <Filter Include="Common\DbObject">
      <UniqueIdentifier>{7eab4b1b-c049-4f2b-a406-45bd9d945857}</UniqueIdentifier>
    </Filter>
    <Filter Include="DatabaseServices\DataTableRecord">
      <UniqueIdentifier>{9f0db983-3353-414e-8932-0dc5807ada47}</UniqueIdentifier>
    </Filter>
    <Filter Include="Common\Drawable">
      <UniqueIdentifier>{cbae3f4b-470b-486e-8fc8-fdf45b0eeae6}</UniqueIdentifier>
    </Filter>
    <Filter Include="Entities">
      <UniqueIdentifier>{04fcd7af-f9f0-44c6-913f-3bcd88889674}</UniqueIdentifier>
    </Filter>
    <Filter Include="Entities\Entity">
      <UniqueIdentifier>{2a07ccb4-acb8-4734-8d57-d2bf587ec1cf}</UniqueIdentifier>
    </Filter>
    <Filter Include="Entities\Circle">
      <UniqueIdentifier>{8ab8cf9e-017c-4987-9ffd-2b777cdc1abb}</UniqueIdentifier>
    </Filter>
    <Filter Include="Common\ObjectBase">
      <UniqueIdentifier>{40f4e43f-44ba-468b-ac5e-69beb6adc562}</UniqueIdentifier>
    </Filter>
  </ItemGroup>
  <ItemGroup>
    <ClCompile Include="FmGePoint3d.cpp">
      <Filter>Geometry\Point3d</Filter>
    </ClCompile>
    <ClCompile Include="FmGeVelocity2d.cpp">
      <Filter>Geometry\Velocity2d</Filter>
    </ClCompile>
    <ClCompile Include="FmGePoint2d.cpp">
      <Filter>Geometry\Point2d</Filter>
    </ClCompile>
    <ClCompile Include="FmGeVelocity3d.cpp">
      <Filter>Geometry\Velocity3d</Filter>
    </ClCompile>
    <ClCompile Include="pch.cpp" />
    <ClCompile Include="FmObjectBase.cpp">
      <Filter>Common\ObjectBase</Filter>
    </ClCompile>
    <ClCompile Include="FmTransaction.cpp">
      <Filter>DatabaseServices\Transaction</Filter>
    </ClCompile>
    <ClCompile Include="FmDatabase.cpp">
      <Filter>DatabaseServices\Database</Filter>
    </ClCompile>
    <ClCompile Include="DataTableRecord.cpp">
      <Filter>DatabaseServices\DataTableRecord</Filter>
    </ClCompile>
    <ClCompile Include="FmDbEntity.cpp">
      <Filter>Entities\Entity</Filter>
    </ClCompile>
    <ClCompile Include="FmDbCircle.cpp">
      <Filter>Entities\Circle</Filter>
    </ClCompile>
    <ClCompile Include="FmDrawable.cpp">
      <Filter>Common\Drawable</Filter>
    </ClCompile>
    <ClCompile Include="FmDbObject.cpp">
      <Filter>Common\DbObject</Filter>
    </ClCompile>
    <ClCompile Include="FmGeExtend2d.cpp">
      <Filter>Geometry\Extend2d</Filter>
    </ClCompile>
  </ItemGroup>
  <ItemGroup>
    <ClInclude Include="FmGePoint3d.h">
      <Filter>Geometry\Point3d</Filter>
    </ClInclude>
    <ClInclude Include="FmGeVelocity2d.h">
      <Filter>Geometry\Velocity2d</Filter>
    </ClInclude>
    <ClInclude Include="FmGePoint2d.h">
      <Filter>Geometry\Point2d</Filter>
    </ClInclude>
    <ClInclude Include="Geometry.h">
      <Filter>Geometry</Filter>
    </ClInclude>
    <ClInclude Include="FmGeVelocity3d.h">
      <Filter>Geometry\Velocity3d</Filter>
    </ClInclude>
    <ClInclude Include="pch.h" />
    <ClInclude Include="FmObjectBase.h">
      <Filter>Common\ObjectBase</Filter>
    </ClInclude>
    <ClInclude Include="FmTransaction.h">
      <Filter>DatabaseServices\Transaction</Filter>
    </ClInclude>
    <ClInclude Include="FmDatabase.h">
      <Filter>DatabaseServices\Database</Filter>
    </ClInclude>
    <ClInclude Include="DataTableRecord.h">
      <Filter>DatabaseServices\DataTableRecord</Filter>
    </ClInclude>
    <ClInclude Include="FmDbEntity.h">
      <Filter>Entities\Entity</Filter>
    </ClInclude>
    <ClInclude Include="DatabaseServices.h">
      <Filter>DatabaseServices</Filter>
    </ClInclude>
    <ClInclude Include="FmDbCircle.h">
      <Filter>Entities\Circle</Filter>
    </ClInclude>
    <ClInclude Include="FmGeExtend2d.h">
      <Filter>Geometry\Extend2d</Filter>
    </ClInclude>
    <ClInclude Include="FmDrawable.h">
      <Filter>Common\Drawable</Filter>
    </ClInclude>
    <ClInclude Include="FmDbObject.h">
      <Filter>Common\DbObject</Filter>
    </ClInclude>
  </ItemGroup>
</Project>