<?xml version="1.0" encoding="utf-8"?>
<Project ToolsVersion="4.0" xmlns="http://schemas.microsoft.com/developer/msbuild/2003">
  <ItemGroup>
    <Filter Include="Source Files">
      <UniqueIdentifier>{4FC737F1-C7A5-4376-A066-2A32D752A2FF}</UniqueIdentifier>
      <Extensions>cpp;c;cc;cxx;c++;cppm;ixx;def;odl;idl;hpj;bat;asm;asmx</Extensions>
    </Filter>
    <Filter Include="Header Files">
      <UniqueIdentifier>{93995380-89BD-4b04-88EB-625FBE52EBFB}</UniqueIdentifier>
      <Extensions>h;hh;hpp;hxx;h++;hm;inl;inc;ipp;xsd</Extensions>
    </Filter>
    <Filter Include="Resource Files">
      <UniqueIdentifier>{67DA6AB6-F800-4c08-8B7A-83BB121AAD01}</UniqueIdentifier>
      <Extensions>rc;ico;cur;bmp;dlg;rc2;rct;bin;rgs;gif;jpg;jpeg;jpe;resx;tiff;tif;png;wav;mfcribbon-ms</Extensions>
    </Filter>
    <Filter Include="Resource Files\Icons">
      <UniqueIdentifier>{37f0739e-b6d5-4525-8e14-0d66639631eb}</UniqueIdentifier>
    </Filter>
    <Filter Include="Common">
      <UniqueIdentifier>{acbbbb29-dcb4-4450-9e60-4e6af5fdfe89}</UniqueIdentifier>
    </Filter>
    <Filter Include="Entities">
      <UniqueIdentifier>{8da789bd-5743-488c-abb5-460da3d35fef}</UniqueIdentifier>
    </Filter>
    <Filter Include="Entities\DirectXRenderer">
      <UniqueIdentifier>{1f45a228-94bb-40a4-9193-e47a0c6a2c3e}</UniqueIdentifier>
    </Filter>
    <Filter Include="Entities\Database">
      <UniqueIdentifier>{3a4c7abb-110a-4503-820b-f47f90cd3812}</UniqueIdentifier>
    </Filter>
    <Filter Include="Geometry">
      <UniqueIdentifier>{714d24b1-03ae-4c7b-b04c-8b1983978be2}</UniqueIdentifier>
    </Filter>
    <Filter Include="Geometry\Point3d">
      <UniqueIdentifier>{7c6f0a4f-81ca-4c65-8106-66b4e191ec44}</UniqueIdentifier>
    </Filter>
    <Filter Include="Entities\Transaction">
      <UniqueIdentifier>{838ea57e-e92f-4ab3-ba67-d68cc6c3b243}</UniqueIdentifier>
    </Filter>
    <Filter Include="Entities\Circle">
      <UniqueIdentifier>{47c51a6f-2bec-4989-a3bc-f87c19c9889b}</UniqueIdentifier>
    </Filter>
    <Filter Include="Entities\DbObject">
      <UniqueIdentifier>{8f0328fa-8320-4ba2-b05b-e62162cb56c6}</UniqueIdentifier>
    </Filter>
  </ItemGroup>
  <ItemGroup>
    <ClCompile Include="pch.cpp">
      <Filter>Common</Filter>
    </ClCompile>
    <ClCompile Include="DirectXRenderer.cpp">
      <Filter>Entities\DirectXRenderer</Filter>
    </ClCompile>
    <ClCompile Include="RendererWrapper.cpp">
      <Filter>Entities\DirectXRenderer</Filter>
    </ClCompile>
    <ClCompile Include="DatabaseInterop.cpp">
      <Filter>Entities\Database</Filter>
    </ClCompile>
    <ClCompile Include="Point3d.cpp">
      <Filter>Geometry\Point3d</Filter>
    </ClCompile>
    <ClCompile Include="TransactionWrapper.cpp">
      <Filter>Entities\Transaction</Filter>
    </ClCompile>
    <ClCompile Include="Circle.cpp">
      <Filter>Entities\Circle</Filter>
    </ClCompile>
    <ClCompile Include="DbObject.cpp">
      <Filter>Entities\DbObject</Filter>
    </ClCompile>
  </ItemGroup>
  <ItemGroup>
    <ClInclude Include="pch.h">
      <Filter>Header Files</Filter>
    </ClInclude>
    <ClInclude Include="resource.h">
      <Filter>Header Files</Filter>
    </ClInclude>
    <ClInclude Include="DirectXRenderer.h">
      <Filter>Entities\DirectXRenderer</Filter>
    </ClInclude>
    <ClInclude Include="RendererWrapper.h">
      <Filter>Entities\DirectXRenderer</Filter>
    </ClInclude>
    <ClInclude Include="DatabaseInterop.h">
      <Filter>Entities\Database</Filter>
    </ClInclude>
    <ClInclude Include="Point3d.h">
      <Filter>Geometry\Point3d</Filter>
    </ClInclude>
    <ClInclude Include="TransactionWrapper.h">
      <Filter>Entities\Transaction</Filter>
    </ClInclude>
    <ClInclude Include="Circle.h">
      <Filter>Entities\Circle</Filter>
    </ClInclude>
    <ClInclude Include="DbObject.h">
      <Filter>Entities\DbObject</Filter>
    </ClInclude>
  </ItemGroup>
  <ItemGroup>
    <Image Include="icon1.ico">
      <Filter>Resource Files\Icons</Filter>
    </Image>
  </ItemGroup>
  <ItemGroup>
    <ResourceCompile Include="FumoEngine.rc">
      <Filter>Resource Files</Filter>
    </ResourceCompile>
  </ItemGroup>
</Project>